
Microsoft Visual Studio Solution File, Format Version 12.00
# Visual Studio Version 17
VisualStudioVersion = 17.1.32210.238
MinimumVisualStudioVersion = 10.0.40219.1
Project("{2150E333-8FDC-42A3-9474-1A3956D46DE8}") = "Services", "Services", "{F3604352-6D28-4C21-9ECF-1D41A85683D4}"
EndProject
Project("{2150E333-8FDC-42A3-9474-1A3956D46DE8}") = "Catalog", "Catalog", "{FF387E47-4962-4439-B93E-609ABA0CEEEE}"
EndProject
Project("{9A19103F-16F7-4668-BE54-9A1E7A4F7556}") = "FreeCourseProjectServicesCatalogAPI", "Services\Catalog\FreeCourseProjectServicesCatalogAPI\FreeCourseProjectServicesCatalogAPI.csproj", "{CE0BF23E-3C25-42ED-868F-C9697DA6EE12}"
EndProject
Project("{2150E333-8FDC-42A3-9474-1A3956D46DE8}") = "SolutionItems", "SolutionItems", "{22750614-C710-4C08-A7CC-1D9F35E4B466}"
	ProjectSection(SolutionItems) = preProject
		Ports.txt = Ports.txt
	EndProjectSection
EndProject
Project("{2150E333-8FDC-42A3-9474-1A3956D46DE8}") = "Shared", "Shared", "{8E587CF3-49A2-4E36-B7B6-1F0ABB0F5CB2}"
EndProject
Project("{9A19103F-16F7-4668-BE54-9A1E7A4F7556}") = "FreeCourseShared", "Shared\FreeCourseShared\FreeCourseShared.csproj", "{7247CE3A-551D-4356-A9BC-73A4B3830499}"
EndProject
Project("{2150E333-8FDC-42A3-9474-1A3956D46DE8}") = "IdentityServer", "IdentityServer", "{959DF0E6-67BE-4D4A-BDEB-0C506407F5CD}"
EndProject
Project("{9A19103F-16F7-4668-BE54-9A1E7A4F7556}") = "FreeCourseIdentityServer", "IdentityServer\FreeCourseIdentityServer\FreeCourseIdentityServer.csproj", "{55B3D052-ECD7-4C9F-AEAC-48B862C6A26D}"
EndProject
Project("{2150E333-8FDC-42A3-9474-1A3956D46DE8}") = "PhotoStock", "PhotoStock", "{294D5D4D-C31A-4298-B248-BF8A78FF9E90}"
EndProject
Project("{9A19103F-16F7-4668-BE54-9A1E7A4F7556}") = "FreeCourseProjectServicesPhotoStockAPI", "Services\PhotoStock\FreeCourseProjectServicesPhotoStockAPI\FreeCourseProjectServicesPhotoStockAPI.csproj", "{5CB62CD1-BF8F-4A58-8A86-943D3081069D}"
EndProject
Project("{2150E333-8FDC-42A3-9474-1A3956D46DE8}") = "Basket", "Basket", "{C35D3ED2-57D5-455C-9BE2-0FD06D6E9BFB}"
EndProject
Project("{2150E333-8FDC-42A3-9474-1A3956D46DE8}") = "Discount", "Discount", "{04B0B2F6-B9CE-4986-A472-85824BBF4B42}"
EndProject
Project("{9A19103F-16F7-4668-BE54-9A1E7A4F7556}") = "FreeCourseProjectServicesDiscountAPI", "Services\Discount\FreeCourseProjectServicesDiscountAPI\FreeCourseProjectServicesDiscountAPI.csproj", "{85EA4D1F-31D7-4B22-BE4E-AD38626C7F40}"
EndProject
Project("{9A19103F-16F7-4668-BE54-9A1E7A4F7556}") = "FreeCourseProjectServicesBasketAPI", "Services\Basket\FreeCourseProjectServicesBasketAPI\FreeCourseProjectServicesBasketAPI.csproj", "{04921A14-6F6D-47EE-922F-5146BFC6F47E}"
EndProject
Project("{2150E333-8FDC-42A3-9474-1A3956D46DE8}") = "Order", "Order", "{7455C921-91B3-4297-BDC8-1305E7EF38D9}"
EndProject
Project("{9A19103F-16F7-4668-BE54-9A1E7A4F7556}") = "FreeCourseProjectServicesOrderAPI", "Services\Order\FreeCourseProjectServicesOrderAPI\FreeCourseProjectServicesOrderAPI.csproj", "{CDC503D9-FC84-496B-B596-2E9734AAF44A}"
EndProject
Project("{9A19103F-16F7-4668-BE54-9A1E7A4F7556}") = "FreeCourseProjectServicesOrderApplication", "Services\Order\FreeCourseProjectServicesOrderApplication\FreeCourseProjectServicesOrderApplication.csproj", "{9C829451-A5F5-4318-946F-163BB4C5A083}"
EndProject
Project("{9A19103F-16F7-4668-BE54-9A1E7A4F7556}") = "FreeCourseProjectServicesOrderDomain", "Services\Order\FreeCourseProjectServicesOrderDomain\FreeCourseProjectServicesOrderDomain.csproj", "{A0BA87F3-76CE-4741-80C9-9F02237337B7}"
EndProject
Project("{9A19103F-16F7-4668-BE54-9A1E7A4F7556}") = "FreeCourseProjectServicesOrderDomainCore", "Services\Order\FreeCourseProjectServicesOrderDomainCore\FreeCourseProjectServicesOrderDomainCore.csproj", "{CC0C722A-0CBE-43F6-91AD-111EFC63530D}"
EndProject
Project("{9A19103F-16F7-4668-BE54-9A1E7A4F7556}") = "FreeCourseProjectServicesOrderInfrastructure", "Services\Order\FreeCourseProjectServicesOrderInfrastructure\FreeCourseProjectServicesOrderInfrastructure.csproj", "{2A296275-303A-46B3-A7D9-B89C2D30CD5E}"
EndProject
Project("{2150E333-8FDC-42A3-9474-1A3956D46DE8}") = "FakePayment", "FakePayment", "{5E326B4E-2CFC-4E9B-8C34-BD7E6A058F68}"
EndProject
Project("{FAE04EC0-301F-11D3-BF4B-00C04F79EFBC}") = "FreeCourseProjectServicesFakePaymentAPI", "Services\FakePayment\FreeCourseProjectServicesFakePaymentAPI\FreeCourseProjectServicesFakePaymentAPI.csproj", "{F8C0CAEB-960E-4398-9F5D-9211461CA35E}"
EndProject
Global
	GlobalSection(SolutionConfigurationPlatforms) = preSolution
		Debug|Any CPU = Debug|Any CPU
		Release|Any CPU = Release|Any CPU
	EndGlobalSection
	GlobalSection(ProjectConfigurationPlatforms) = postSolution
		{CE0BF23E-3C25-42ED-868F-C9697DA6EE12}.Debug|Any CPU.ActiveCfg = Debug|Any CPU
		{CE0BF23E-3C25-42ED-868F-C9697DA6EE12}.Debug|Any CPU.Build.0 = Debug|Any CPU
		{CE0BF23E-3C25-42ED-868F-C9697DA6EE12}.Release|Any CPU.ActiveCfg = Release|Any CPU
		{CE0BF23E-3C25-42ED-868F-C9697DA6EE12}.Release|Any CPU.Build.0 = Release|Any CPU
		{7247CE3A-551D-4356-A9BC-73A4B3830499}.Debug|Any CPU.ActiveCfg = Debug|Any CPU
		{7247CE3A-551D-4356-A9BC-73A4B3830499}.Debug|Any CPU.Build.0 = Debug|Any CPU
		{7247CE3A-551D-4356-A9BC-73A4B3830499}.Release|Any CPU.ActiveCfg = Release|Any CPU
		{7247CE3A-551D-4356-A9BC-73A4B3830499}.Release|Any CPU.Build.0 = Release|Any CPU
		{55B3D052-ECD7-4C9F-AEAC-48B862C6A26D}.Debug|Any CPU.ActiveCfg = Debug|Any CPU
		{55B3D052-ECD7-4C9F-AEAC-48B862C6A26D}.Debug|Any CPU.Build.0 = Debug|Any CPU
		{55B3D052-ECD7-4C9F-AEAC-48B862C6A26D}.Release|Any CPU.ActiveCfg = Release|Any CPU
		{55B3D052-ECD7-4C9F-AEAC-48B862C6A26D}.Release|Any CPU.Build.0 = Release|Any CPU
		{5CB62CD1-BF8F-4A58-8A86-943D3081069D}.Debug|Any CPU.ActiveCfg = Debug|Any CPU
		{5CB62CD1-BF8F-4A58-8A86-943D3081069D}.Debug|Any CPU.Build.0 = Debug|Any CPU
		{5CB62CD1-BF8F-4A58-8A86-943D3081069D}.Release|Any CPU.ActiveCfg = Release|Any CPU
		{5CB62CD1-BF8F-4A58-8A86-943D3081069D}.Release|Any CPU.Build.0 = Release|Any CPU
		{85EA4D1F-31D7-4B22-BE4E-AD38626C7F40}.Debug|Any CPU.ActiveCfg = Debug|Any CPU
		{85EA4D1F-31D7-4B22-BE4E-AD38626C7F40}.Debug|Any CPU.Build.0 = Debug|Any CPU
		{85EA4D1F-31D7-4B22-BE4E-AD38626C7F40}.Release|Any CPU.ActiveCfg = Release|Any CPU
		{85EA4D1F-31D7-4B22-BE4E-AD38626C7F40}.Release|Any CPU.Build.0 = Release|Any CPU
		{04921A14-6F6D-47EE-922F-5146BFC6F47E}.Debug|Any CPU.ActiveCfg = Debug|Any CPU
		{04921A14-6F6D-47EE-922F-5146BFC6F47E}.Debug|Any CPU.Build.0 = Debug|Any CPU
		{04921A14-6F6D-47EE-922F-5146BFC6F47E}.Release|Any CPU.ActiveCfg = Release|Any CPU
		{04921A14-6F6D-47EE-922F-5146BFC6F47E}.Release|Any CPU.Build.0 = Release|Any CPU
		{CDC503D9-FC84-496B-B596-2E9734AAF44A}.Debug|Any CPU.ActiveCfg = Debug|Any CPU
		{CDC503D9-FC84-496B-B596-2E9734AAF44A}.Debug|Any CPU.Build.0 = Debug|Any CPU
		{CDC503D9-FC84-496B-B596-2E9734AAF44A}.Release|Any CPU.ActiveCfg = Release|Any CPU
		{CDC503D9-FC84-496B-B596-2E9734AAF44A}.Release|Any CPU.Build.0 = Release|Any CPU
		{9C829451-A5F5-4318-946F-163BB4C5A083}.Debug|Any CPU.ActiveCfg = Debug|Any CPU
		{9C829451-A5F5-4318-946F-163BB4C5A083}.Debug|Any CPU.Build.0 = Debug|Any CPU
		{9C829451-A5F5-4318-946F-163BB4C5A083}.Release|Any CPU.ActiveCfg = Release|Any CPU
		{9C829451-A5F5-4318-946F-163BB4C5A083}.Release|Any CPU.Build.0 = Release|Any CPU
		{A0BA87F3-76CE-4741-80C9-9F02237337B7}.Debug|Any CPU.ActiveCfg = Debug|Any CPU
		{A0BA87F3-76CE-4741-80C9-9F02237337B7}.Debug|Any CPU.Build.0 = Debug|Any CPU
		{A0BA87F3-76CE-4741-80C9-9F02237337B7}.Release|Any CPU.ActiveCfg = Release|Any CPU
		{A0BA87F3-76CE-4741-80C9-9F02237337B7}.Release|Any CPU.Build.0 = Release|Any CPU
		{CC0C722A-0CBE-43F6-91AD-111EFC63530D}.Debug|Any CPU.ActiveCfg = Debug|Any CPU
		{CC0C722A-0CBE-43F6-91AD-111EFC63530D}.Debug|Any CPU.Build.0 = Debug|Any CPU
		{CC0C722A-0CBE-43F6-91AD-111EFC63530D}.Release|Any CPU.ActiveCfg = Release|Any CPU
		{CC0C722A-0CBE-43F6-91AD-111EFC63530D}.Release|Any CPU.Build.0 = Release|Any CPU
		{2A296275-303A-46B3-A7D9-B89C2D30CD5E}.Debug|Any CPU.ActiveCfg = Debug|Any CPU
		{2A296275-303A-46B3-A7D9-B89C2D30CD5E}.Debug|Any CPU.Build.0 = Debug|Any CPU
		{2A296275-303A-46B3-A7D9-B89C2D30CD5E}.Release|Any CPU.ActiveCfg = Release|Any CPU
		{2A296275-303A-46B3-A7D9-B89C2D30CD5E}.Release|Any CPU.Build.0 = Release|Any CPU
		{F8C0CAEB-960E-4398-9F5D-9211461CA35E}.Debug|Any CPU.ActiveCfg = Debug|Any CPU
		{F8C0CAEB-960E-4398-9F5D-9211461CA35E}.Debug|Any CPU.Build.0 = Debug|Any CPU
		{F8C0CAEB-960E-4398-9F5D-9211461CA35E}.Release|Any CPU.ActiveCfg = Release|Any CPU
		{F8C0CAEB-960E-4398-9F5D-9211461CA35E}.Release|Any CPU.Build.0 = Release|Any CPU
	EndGlobalSection
	GlobalSection(SolutionProperties) = preSolution
		HideSolutionNode = FALSE
	EndGlobalSection
	GlobalSection(NestedProjects) = preSolution
		{FF387E47-4962-4439-B93E-609ABA0CEEEE} = {F3604352-6D28-4C21-9ECF-1D41A85683D4}
		{CE0BF23E-3C25-42ED-868F-C9697DA6EE12} = {FF387E47-4962-4439-B93E-609ABA0CEEEE}
		{7247CE3A-551D-4356-A9BC-73A4B3830499} = {8E587CF3-49A2-4E36-B7B6-1F0ABB0F5CB2}
		{55B3D052-ECD7-4C9F-AEAC-48B862C6A26D} = {959DF0E6-67BE-4D4A-BDEB-0C506407F5CD}
		{294D5D4D-C31A-4298-B248-BF8A78FF9E90} = {F3604352-6D28-4C21-9ECF-1D41A85683D4}
		{5CB62CD1-BF8F-4A58-8A86-943D3081069D} = {294D5D4D-C31A-4298-B248-BF8A78FF9E90}
		{C35D3ED2-57D5-455C-9BE2-0FD06D6E9BFB} = {F3604352-6D28-4C21-9ECF-1D41A85683D4}
		{04B0B2F6-B9CE-4986-A472-85824BBF4B42} = {F3604352-6D28-4C21-9ECF-1D41A85683D4}
		{85EA4D1F-31D7-4B22-BE4E-AD38626C7F40} = {04B0B2F6-B9CE-4986-A472-85824BBF4B42}
		{04921A14-6F6D-47EE-922F-5146BFC6F47E} = {C35D3ED2-57D5-455C-9BE2-0FD06D6E9BFB}
		{7455C921-91B3-4297-BDC8-1305E7EF38D9} = {F3604352-6D28-4C21-9ECF-1D41A85683D4}
		{CDC503D9-FC84-496B-B596-2E9734AAF44A} = {7455C921-91B3-4297-BDC8-1305E7EF38D9}
		{9C829451-A5F5-4318-946F-163BB4C5A083} = {7455C921-91B3-4297-BDC8-1305E7EF38D9}
		{A0BA87F3-76CE-4741-80C9-9F02237337B7} = {7455C921-91B3-4297-BDC8-1305E7EF38D9}
		{CC0C722A-0CBE-43F6-91AD-111EFC63530D} = {7455C921-91B3-4297-BDC8-1305E7EF38D9}
		{2A296275-303A-46B3-A7D9-B89C2D30CD5E} = {7455C921-91B3-4297-BDC8-1305E7EF38D9}
		{5E326B4E-2CFC-4E9B-8C34-BD7E6A058F68} = {F3604352-6D28-4C21-9ECF-1D41A85683D4}
		{F8C0CAEB-960E-4398-9F5D-9211461CA35E} = {5E326B4E-2CFC-4E9B-8C34-BD7E6A058F68}
	EndGlobalSection
	GlobalSection(ExtensibilityGlobals) = postSolution
		SolutionGuid = {A8315DE0-332C-4E94-B028-B94979F8A490}
	EndGlobalSection
EndGlobal
